
Microsoft Visual Studio Solution File, Format Version 12.00
# Visual Studio Version 17
VisualStudioVersion = 17.5.002.0
MinimumVisualStudioVersion = 10.0.40219.1
Project("{9A19103F-16F7-4668-BE54-9A1E7A4F7556}") = "ExOrdenacao", "ExOrdenacao.csproj", "{B328B5A6-57CF-4682-85EC-D5DE902249E2}"
EndProject
Global
	GlobalSection(SolutionConfigurationPlatforms) = preSolution
		Debug|Any CPU = Debug|Any CPU
		Release|Any CPU = Release|Any CPU
	EndGlobalSection
	GlobalSection(ProjectConfigurationPlatforms) = postSolution
		{B328B5A6-57CF-4682-85EC-D5DE902249E2}.Debug|Any CPU.ActiveCfg = Debug|Any CPU
		{B328B5A6-57CF-4682-85EC-D5DE902249E2}.Debug|Any CPU.Build.0 = Debug|Any CPU
		{B328B5A6-57CF-4682-85EC-D5DE902249E2}.Release|Any CPU.ActiveCfg = Release|Any CPU
		{B328B5A6-57CF-4682-85EC-D5DE902249E2}.Release|Any CPU.Build.0 = Release|Any CPU
	EndGlobalSection
	GlobalSection(SolutionProperties) = preSolution
		HideSolutionNode = FALSE
	EndGlobalSection
	GlobalSection(ExtensibilityGlobals) = postSolution
		SolutionGuid = {89029F97-A8E4-4A2C-8446-BB8CC5260917}
	EndGlobalSection
EndGlobal
